// !$*UTF8*$!
{
	archiveVersion = 1;
	classes = {
	};
	objectVersion = 46;
	objects = {

/* Begin PBXBuildFile section */
		B8B869B91A0FF59A002B85F0 /* Foundation.framework in Frameworks */ = {isa = PBXBuildFile; fileRef = B8B869B81A0FF59A002B85F0 /* Foundation.framework */; };
		B8B869BB1A0FF59A002B85F0 /* CoreGraphics.framework in Frameworks */ = {isa = PBXBuildFile; fileRef = B8B869BA1A0FF59A002B85F0 /* CoreGraphics.framework */; };
		B8B869BD1A0FF59A002B85F0 /* UIKit.framework in Frameworks */ = {isa = PBXBuildFile; fileRef = B8B869BC1A0FF59A002B85F0 /* UIKit.framework */; };
		B8B869C31A0FF59A002B85F0 /* InfoPlist.strings in Resources */ = {isa = PBXBuildFile; fileRef = B8B869C11A0FF59A002B85F0 /* InfoPlist.strings */; };
		B8B869C51A0FF59A002B85F0 /* main.m in Sources */ = {isa = PBXBuildFile; fileRef = B8B869C41A0FF59A002B85F0 /* main.m */; };
		B8B869C91A0FF59A002B85F0 /* AppDelegate.m in Sources */ = {isa = PBXBuildFile; fileRef = B8B869C81A0FF59A002B85F0 /* AppDelegate.m */; };
		B8B869CC1A0FF59A002B85F0 /* Main.storyboard in Resources */ = {isa = PBXBuildFile; fileRef = B8B869CA1A0FF59A002B85F0 /* Main.storyboard */; };
		B8B869CF1A0FF59A002B85F0 /* ViewController.m in Sources */ = {isa = PBXBuildFile; fileRef = B8B869CE1A0FF59A002B85F0 /* ViewController.m */; };
		B8B869D11A0FF59A002B85F0 /* Images.xcassets in Resources */ = {isa = PBXBuildFile; fileRef = B8B869D01A0FF59A002B85F0 /* Images.xcassets */; };
		B8B869D81A0FF59B002B85F0 /* XCTest.framework in Frameworks */ = {isa = PBXBuildFile; fileRef = B8B869D71A0FF59B002B85F0 /* XCTest.framework */; };
		B8B869D91A0FF59B002B85F0 /* Foundation.framework in Frameworks */ = {isa = PBXBuildFile; fileRef = B8B869B81A0FF59A002B85F0 /* Foundation.framework */; };
		B8B869DA1A0FF59B002B85F0 /* UIKit.framework in Frameworks */ = {isa = PBXBuildFile; fileRef = B8B869BC1A0FF59A002B85F0 /* UIKit.framework */; };
		B8B869E21A0FF59B002B85F0 /* InfoPlist.strings in Resources */ = {isa = PBXBuildFile; fileRef = B8B869E01A0FF59B002B85F0 /* InfoPlist.strings */; };
		B8B869E41A0FF59B002B85F0 /* gridwarsTests.m in Sources */ = {isa = PBXBuildFile; fileRef = B8B869E31A0FF59B002B85F0 /* gridwarsTests.m */; };
		B8B869EF1A0FF60B002B85F0 /* GWGridView.m in Sources */ = {isa = PBXBuildFile; fileRef = B8B869EE1A0FF60B002B85F0 /* GWGridView.m */; };
		B8B869F21A0FF8AD002B85F0 /* GWGrid.m in Sources */ = {isa = PBXBuildFile; fileRef = B8B869F11A0FF8AD002B85F0 /* GWGrid.m */; };
		B8B869F51A0FFA17002B85F0 /* GWGridTile.m in Sources */ = {isa = PBXBuildFile; fileRef = B8B869F41A0FFA17002B85F0 /* GWGridTile.m */; };
		B8B86A071A100E0D002B85F0 /* UIButton+Block.m in Sources */ = {isa = PBXBuildFile; fileRef = B8B86A031A100E0D002B85F0 /* UIButton+Block.m */; };
		B8B86A081A100E0D002B85F0 /* UIScreen+Rotation.m in Sources */ = {isa = PBXBuildFile; fileRef = B8B86A041A100E0D002B85F0 /* UIScreen+Rotation.m */; };
		B8B86A0D1A130E76002B85F0 /* GWGridPiece.m in Sources */ = {isa = PBXBuildFile; fileRef = B8B86A0A1A130E76002B85F0 /* GWGridPiece.m */; };
		B8B86A0E1A130E76002B85F0 /* GWGridPieceCharacter.m in Sources */ = {isa = PBXBuildFile; fileRef = B8B86A0C1A130E76002B85F0 /* GWGridPieceCharacter.m */; };
		B8B86A111A131EE8002B85F0 /* GWGridViewController.m in Sources */ = {isa = PBXBuildFile; fileRef = B8B86A101A131EE8002B85F0 /* GWGridViewController.m */; };
		B8B86A141A143A89002B85F0 /* GWGridCoordinate.m in Sources */ = {isa = PBXBuildFile; fileRef = B8B86A131A143A89002B85F0 /* GWGridCoordinate.m */; };
		B8B86A181A143E42002B85F0 /* GWCharacter.m in Sources */ = {isa = PBXBuildFile; fileRef = B8B86A171A143E42002B85F0 /* GWCharacter.m */; };
		B8B86A1F1A144759002B85F0 /* GWGameViewController.m in Sources */ = {isa = PBXBuildFile; fileRef = B8B86A1E1A144759002B85F0 /* GWGameViewController.m */; };
		B8B86A251A1450A5002B85F0 /* GWInfoBoxViewController.m in Sources */ = {isa = PBXBuildFile; fileRef = B8B86A241A1450A5002B85F0 /* GWInfoBoxViewController.m */; };
		B8B86A281A145140002B85F0 /* GWInfoBoxDeckCharacterView.m in Sources */ = {isa = PBXBuildFile; fileRef = B8B86A271A145140002B85F0 /* GWInfoBoxDeckCharacterView.m */; };
		B8B86A2B1A145277002B85F0 /* GWInfoBoxView.m in Sources */ = {isa = PBXBuildFile; fileRef = B8B86A2A1A145277002B85F0 /* GWInfoBoxView.m */; };
		B8B86A3B1A1464EA002B85F0 /* UIView+Shapes.m in Sources */ = {isa = PBXBuildFile; fileRef = B8B86A3A1A1464EA002B85F0 /* UIView+Shapes.m */; };
		B8B86A411A147FF7002B85F0 /* GWGridTileView.m in Sources */ = {isa = PBXBuildFile; fileRef = B8B86A401A147FF7002B85F0 /* GWGridTileView.m */; };
		B8B86A4D1A1484FA002B85F0 /* GWGridPieceCharacterView.m in Sources */ = {isa = PBXBuildFile; fileRef = B8B86A4C1A1484FA002B85F0 /* GWGridPieceCharacterView.m */; };
		B8B86A501A148A7F002B85F0 /* GWGridPieceView.m in Sources */ = {isa = PBXBuildFile; fileRef = B8B86A4F1A148A7F002B85F0 /* GWGridPieceView.m */; };
		B8B86A591A158AE5002B85F0 /* GWDeckCell.m in Sources */ = {isa = PBXBuildFile; fileRef = B8B86A521A158AE5002B85F0 /* GWDeckCell.m */; };
		B8B86A5A1A158AE5002B85F0 /* GWDeckCellView.m in Sources */ = {isa = PBXBuildFile; fileRef = B8B86A541A158AE5002B85F0 /* GWDeckCellView.m */; };
		B8B86A5B1A158AE5002B85F0 /* GWDeckViewController.m in Sources */ = {isa = PBXBuildFile; fileRef = B8B86A561A158AE5002B85F0 /* GWDeckViewController.m */; };
		B8B86A5C1A158AE5002B85F0 /* GWDragableView.m in Sources */ = {isa = PBXBuildFile; fileRef = B8B86A581A158AE5002B85F0 /* GWDragableView.m */; };
		B8B86A601A17020F002B85F0 /* GWAreaView.m in Sources */ = {isa = PBXBuildFile; fileRef = B8B86A5F1A17020F002B85F0 /* GWAreaView.m */; };
		B8B86A631A193AF5002B85F0 /* GWGridResponse.m in Sources */ = {isa = PBXBuildFile; fileRef = B8B86A621A193AF5002B85F0 /* GWGridResponse.m */; };
		B8B86A661A193E28002B85F0 /* GWInfoBoxGridCharacterView.m in Sources */ = {isa = PBXBuildFile; fileRef = B8B86A651A193E28002B85F0 /* GWInfoBoxGridCharacterView.m */; };
/* End PBXBuildFile section */

/* Begin PBXContainerItemProxy section */
		B8B869DB1A0FF59B002B85F0 /* PBXContainerItemProxy */ = {
			isa = PBXContainerItemProxy;
			containerPortal = B8B869AD1A0FF59A002B85F0 /* Project object */;
			proxyType = 1;
			remoteGlobalIDString = B8B869B41A0FF59A002B85F0;
			remoteInfo = gridwars;
		};
/* End PBXContainerItemProxy section */

/* Begin PBXFileReference section */
		B8B869B51A0FF59A002B85F0 /* gridwars.app */ = {isa = PBXFileReference; explicitFileType = wrapper.application; includeInIndex = 0; path = gridwars.app; sourceTree = BUILT_PRODUCTS_DIR; };
		B8B869B81A0FF59A002B85F0 /* Foundation.framework */ = {isa = PBXFileReference; lastKnownFileType = wrapper.framework; name = Foundation.framework; path = System/Library/Frameworks/Foundation.framework; sourceTree = SDKROOT; };
		B8B869BA1A0FF59A002B85F0 /* CoreGraphics.framework */ = {isa = PBXFileReference; lastKnownFileType = wrapper.framework; name = CoreGraphics.framework; path = System/Library/Frameworks/CoreGraphics.framework; sourceTree = SDKROOT; };
		B8B869BC1A0FF59A002B85F0 /* UIKit.framework */ = {isa = PBXFileReference; lastKnownFileType = wrapper.framework; name = UIKit.framework; path = System/Library/Frameworks/UIKit.framework; sourceTree = SDKROOT; };
		B8B869C01A0FF59A002B85F0 /* gridwars-Info.plist */ = {isa = PBXFileReference; lastKnownFileType = text.plist.xml; path = "gridwars-Info.plist"; sourceTree = "<group>"; };
		B8B869C21A0FF59A002B85F0 /* en */ = {isa = PBXFileReference; lastKnownFileType = text.plist.strings; name = en; path = en.lproj/InfoPlist.strings; sourceTree = "<group>"; };
		B8B869C41A0FF59A002B85F0 /* main.m */ = {isa = PBXFileReference; lastKnownFileType = sourcecode.c.objc; path = main.m; sourceTree = "<group>"; };
		B8B869C61A0FF59A002B85F0 /* gridwars-Prefix.pch */ = {isa = PBXFileReference; lastKnownFileType = sourcecode.c.h; path = "gridwars-Prefix.pch"; sourceTree = "<group>"; };
		B8B869C71A0FF59A002B85F0 /* AppDelegate.h */ = {isa = PBXFileReference; lastKnownFileType = sourcecode.c.h; path = AppDelegate.h; sourceTree = "<group>"; };
		B8B869C81A0FF59A002B85F0 /* AppDelegate.m */ = {isa = PBXFileReference; lastKnownFileType = sourcecode.c.objc; path = AppDelegate.m; sourceTree = "<group>"; };
		B8B869CB1A0FF59A002B85F0 /* Base */ = {isa = PBXFileReference; lastKnownFileType = file.storyboard; name = Base; path = Base.lproj/Main.storyboard; sourceTree = "<group>"; };
		B8B869CD1A0FF59A002B85F0 /* ViewController.h */ = {isa = PBXFileReference; lastKnownFileType = sourcecode.c.h; path = ViewController.h; sourceTree = "<group>"; };
		B8B869CE1A0FF59A002B85F0 /* ViewController.m */ = {isa = PBXFileReference; lastKnownFileType = sourcecode.c.objc; path = ViewController.m; sourceTree = "<group>"; };
		B8B869D01A0FF59A002B85F0 /* Images.xcassets */ = {isa = PBXFileReference; lastKnownFileType = folder.assetcatalog; path = Images.xcassets; sourceTree = "<group>"; };
		B8B869D61A0FF59B002B85F0 /* gridwarsTests.xctest */ = {isa = PBXFileReference; explicitFileType = wrapper.cfbundle; includeInIndex = 0; path = gridwarsTests.xctest; sourceTree = BUILT_PRODUCTS_DIR; };
		B8B869D71A0FF59B002B85F0 /* XCTest.framework */ = {isa = PBXFileReference; lastKnownFileType = wrapper.framework; name = XCTest.framework; path = Library/Frameworks/XCTest.framework; sourceTree = DEVELOPER_DIR; };
		B8B869DF1A0FF59B002B85F0 /* gridwarsTests-Info.plist */ = {isa = PBXFileReference; lastKnownFileType = text.plist.xml; path = "gridwarsTests-Info.plist"; sourceTree = "<group>"; };
		B8B869E11A0FF59B002B85F0 /* en */ = {isa = PBXFileReference; lastKnownFileType = text.plist.strings; name = en; path = en.lproj/InfoPlist.strings; sourceTree = "<group>"; };
		B8B869E31A0FF59B002B85F0 /* gridwarsTests.m */ = {isa = PBXFileReference; lastKnownFileType = sourcecode.c.objc; path = gridwarsTests.m; sourceTree = "<group>"; };
		B8B869ED1A0FF60B002B85F0 /* GWGridView.h */ = {isa = PBXFileReference; fileEncoding = 4; lastKnownFileType = sourcecode.c.h; path = GWGridView.h; sourceTree = "<group>"; };
		B8B869EE1A0FF60B002B85F0 /* GWGridView.m */ = {isa = PBXFileReference; fileEncoding = 4; lastKnownFileType = sourcecode.c.objc; path = GWGridView.m; sourceTree = "<group>"; };
		B8B869F01A0FF8AD002B85F0 /* GWGrid.h */ = {isa = PBXFileReference; fileEncoding = 4; lastKnownFileType = sourcecode.c.h; path = GWGrid.h; sourceTree = "<group>"; };
		B8B869F11A0FF8AD002B85F0 /* GWGrid.m */ = {isa = PBXFileReference; fileEncoding = 4; lastKnownFileType = sourcecode.c.objc; path = GWGrid.m; sourceTree = "<group>"; };
		B8B869F31A0FFA17002B85F0 /* GWGridTile.h */ = {isa = PBXFileReference; fileEncoding = 4; lastKnownFileType = sourcecode.c.h; path = GWGridTile.h; sourceTree = "<group>"; };
		B8B869F41A0FFA17002B85F0 /* GWGridTile.m */ = {isa = PBXFileReference; fileEncoding = 4; lastKnownFileType = sourcecode.c.objc; path = GWGridTile.m; sourceTree = "<group>"; };
		B8B86A031A100E0D002B85F0 /* UIButton+Block.m */ = {isa = PBXFileReference; fileEncoding = 4; lastKnownFileType = sourcecode.c.objc; path = "UIButton+Block.m"; sourceTree = "<group>"; };
		B8B86A041A100E0D002B85F0 /* UIScreen+Rotation.m */ = {isa = PBXFileReference; fileEncoding = 4; lastKnownFileType = sourcecode.c.objc; path = "UIScreen+Rotation.m"; sourceTree = "<group>"; };
		B8B86A051A100E0D002B85F0 /* UIButton+Block.h */ = {isa = PBXFileReference; fileEncoding = 4; lastKnownFileType = sourcecode.c.h; path = "UIButton+Block.h"; sourceTree = "<group>"; };
		B8B86A061A100E0D002B85F0 /* UIScreen+Rotation.h */ = {isa = PBXFileReference; fileEncoding = 4; lastKnownFileType = sourcecode.c.h; path = "UIScreen+Rotation.h"; sourceTree = "<group>"; };
		B8B86A091A130E76002B85F0 /* GWGridPiece.h */ = {isa = PBXFileReference; fileEncoding = 4; lastKnownFileType = sourcecode.c.h; path = GWGridPiece.h; sourceTree = "<group>"; };
		B8B86A0A1A130E76002B85F0 /* GWGridPiece.m */ = {isa = PBXFileReference; fileEncoding = 4; lastKnownFileType = sourcecode.c.objc; path = GWGridPiece.m; sourceTree = "<group>"; };
		B8B86A0B1A130E76002B85F0 /* GWGridPieceCharacter.h */ = {isa = PBXFileReference; fileEncoding = 4; lastKnownFileType = sourcecode.c.h; path = GWGridPieceCharacter.h; sourceTree = "<group>"; };
		B8B86A0C1A130E76002B85F0 /* GWGridPieceCharacter.m */ = {isa = PBXFileReference; fileEncoding = 4; lastKnownFileType = sourcecode.c.objc; path = GWGridPieceCharacter.m; sourceTree = "<group>"; };
		B8B86A0F1A131EE8002B85F0 /* GWGridViewController.h */ = {isa = PBXFileReference; fileEncoding = 4; lastKnownFileType = sourcecode.c.h; path = GWGridViewController.h; sourceTree = "<group>"; };
		B8B86A101A131EE8002B85F0 /* GWGridViewController.m */ = {isa = PBXFileReference; fileEncoding = 4; lastKnownFileType = sourcecode.c.objc; path = GWGridViewController.m; sourceTree = "<group>"; };
		B8B86A121A143A89002B85F0 /* GWGridCoordinate.h */ = {isa = PBXFileReference; fileEncoding = 4; lastKnownFileType = sourcecode.c.h; path = GWGridCoordinate.h; sourceTree = "<group>"; };
		B8B86A131A143A89002B85F0 /* GWGridCoordinate.m */ = {isa = PBXFileReference; fileEncoding = 4; lastKnownFileType = sourcecode.c.objc; path = GWGridCoordinate.m; sourceTree = "<group>"; };
		B8B86A161A143E42002B85F0 /* GWCharacter.h */ = {isa = PBXFileReference; fileEncoding = 4; lastKnownFileType = sourcecode.c.h; path = GWCharacter.h; sourceTree = "<group>"; };
		B8B86A171A143E42002B85F0 /* GWCharacter.m */ = {isa = PBXFileReference; fileEncoding = 4; lastKnownFileType = sourcecode.c.objc; path = GWCharacter.m; sourceTree = "<group>"; };
		B8B86A1D1A144759002B85F0 /* GWGameViewController.h */ = {isa = PBXFileReference; fileEncoding = 4; lastKnownFileType = sourcecode.c.h; path = GWGameViewController.h; sourceTree = "<group>"; };
		B8B86A1E1A144759002B85F0 /* GWGameViewController.m */ = {isa = PBXFileReference; fileEncoding = 4; lastKnownFileType = sourcecode.c.objc; path = GWGameViewController.m; sourceTree = "<group>"; };
		B8B86A231A1450A5002B85F0 /* GWInfoBoxViewController.h */ = {isa = PBXFileReference; fileEncoding = 4; lastKnownFileType = sourcecode.c.h; path = GWInfoBoxViewController.h; sourceTree = "<group>"; };
		B8B86A241A1450A5002B85F0 /* GWInfoBoxViewController.m */ = {isa = PBXFileReference; fileEncoding = 4; lastKnownFileType = sourcecode.c.objc; path = GWInfoBoxViewController.m; sourceTree = "<group>"; };
		B8B86A261A145140002B85F0 /* GWInfoBoxDeckCharacterView.h */ = {isa = PBXFileReference; fileEncoding = 4; lastKnownFileType = sourcecode.c.h; path = GWInfoBoxDeckCharacterView.h; sourceTree = "<group>"; };
		B8B86A271A145140002B85F0 /* GWInfoBoxDeckCharacterView.m */ = {isa = PBXFileReference; fileEncoding = 4; lastKnownFileType = sourcecode.c.objc; path = GWInfoBoxDeckCharacterView.m; sourceTree = "<group>"; };
		B8B86A291A145277002B85F0 /* GWInfoBoxView.h */ = {isa = PBXFileReference; fileEncoding = 4; lastKnownFileType = sourcecode.c.h; path = GWInfoBoxView.h; sourceTree = "<group>"; };
		B8B86A2A1A145277002B85F0 /* GWInfoBoxView.m */ = {isa = PBXFileReference; fileEncoding = 4; lastKnownFileType = sourcecode.c.objc; path = GWInfoBoxView.m; sourceTree = "<group>"; };
		B8B86A391A1464EA002B85F0 /* UIView+Shapes.h */ = {isa = PBXFileReference; fileEncoding = 4; lastKnownFileType = sourcecode.c.h; path = "UIView+Shapes.h"; sourceTree = "<group>"; };
		B8B86A3A1A1464EA002B85F0 /* UIView+Shapes.m */ = {isa = PBXFileReference; fileEncoding = 4; lastKnownFileType = sourcecode.c.objc; path = "UIView+Shapes.m"; sourceTree = "<group>"; };
		B8B86A3F1A147FF7002B85F0 /* GWGridTileView.h */ = {isa = PBXFileReference; fileEncoding = 4; lastKnownFileType = sourcecode.c.h; path = GWGridTileView.h; sourceTree = "<group>"; };
		B8B86A401A147FF7002B85F0 /* GWGridTileView.m */ = {isa = PBXFileReference; fileEncoding = 4; lastKnownFileType = sourcecode.c.objc; path = GWGridTileView.m; sourceTree = "<group>"; };
		B8B86A4B1A1484FA002B85F0 /* GWGridPieceCharacterView.h */ = {isa = PBXFileReference; fileEncoding = 4; lastKnownFileType = sourcecode.c.h; path = GWGridPieceCharacterView.h; sourceTree = "<group>"; };
		B8B86A4C1A1484FA002B85F0 /* GWGridPieceCharacterView.m */ = {isa = PBXFileReference; fileEncoding = 4; lastKnownFileType = sourcecode.c.objc; path = GWGridPieceCharacterView.m; sourceTree = "<group>"; };
		B8B86A4E1A148A7F002B85F0 /* GWGridPieceView.h */ = {isa = PBXFileReference; fileEncoding = 4; lastKnownFileType = sourcecode.c.h; path = GWGridPieceView.h; sourceTree = "<group>"; };
		B8B86A4F1A148A7F002B85F0 /* GWGridPieceView.m */ = {isa = PBXFileReference; fileEncoding = 4; lastKnownFileType = sourcecode.c.objc; path = GWGridPieceView.m; sourceTree = "<group>"; };
		B8B86A511A158AE5002B85F0 /* GWDeckCell.h */ = {isa = PBXFileReference; fileEncoding = 4; lastKnownFileType = sourcecode.c.h; path = GWDeckCell.h; sourceTree = "<group>"; };
		B8B86A521A158AE5002B85F0 /* GWDeckCell.m */ = {isa = PBXFileReference; fileEncoding = 4; lastKnownFileType = sourcecode.c.objc; path = GWDeckCell.m; sourceTree = "<group>"; };
		B8B86A531A158AE5002B85F0 /* GWDeckCellView.h */ = {isa = PBXFileReference; fileEncoding = 4; lastKnownFileType = sourcecode.c.h; path = GWDeckCellView.h; sourceTree = "<group>"; };
		B8B86A541A158AE5002B85F0 /* GWDeckCellView.m */ = {isa = PBXFileReference; fileEncoding = 4; lastKnownFileType = sourcecode.c.objc; path = GWDeckCellView.m; sourceTree = "<group>"; };
		B8B86A551A158AE5002B85F0 /* GWDeckViewController.h */ = {isa = PBXFileReference; fileEncoding = 4; lastKnownFileType = sourcecode.c.h; path = GWDeckViewController.h; sourceTree = "<group>"; };
		B8B86A561A158AE5002B85F0 /* GWDeckViewController.m */ = {isa = PBXFileReference; fileEncoding = 4; lastKnownFileType = sourcecode.c.objc; path = GWDeckViewController.m; sourceTree = "<group>"; };
		B8B86A571A158AE5002B85F0 /* GWDragableView.h */ = {isa = PBXFileReference; fileEncoding = 4; lastKnownFileType = sourcecode.c.h; path = GWDragableView.h; sourceTree = "<group>"; };
		B8B86A581A158AE5002B85F0 /* GWDragableView.m */ = {isa = PBXFileReference; fileEncoding = 4; lastKnownFileType = sourcecode.c.objc; path = GWDragableView.m; sourceTree = "<group>"; };
		B8B86A5E1A17020F002B85F0 /* GWAreaView.h */ = {isa = PBXFileReference; fileEncoding = 4; lastKnownFileType = sourcecode.c.h; path = GWAreaView.h; sourceTree = "<group>"; };
		B8B86A5F1A17020F002B85F0 /* GWAreaView.m */ = {isa = PBXFileReference; fileEncoding = 4; lastKnownFileType = sourcecode.c.objc; path = GWAreaView.m; sourceTree = "<group>"; };
		B8B86A611A193AF5002B85F0 /* GWGridResponse.h */ = {isa = PBXFileReference; fileEncoding = 4; lastKnownFileType = sourcecode.c.h; path = GWGridResponse.h; sourceTree = "<group>"; };
		B8B86A621A193AF5002B85F0 /* GWGridResponse.m */ = {isa = PBXFileReference; fileEncoding = 4; lastKnownFileType = sourcecode.c.objc; path = GWGridResponse.m; sourceTree = "<group>"; };
		B8B86A641A193E28002B85F0 /* GWInfoBoxGridCharacterView.h */ = {isa = PBXFileReference; fileEncoding = 4; lastKnownFileType = sourcecode.c.h; path = GWInfoBoxGridCharacterView.h; sourceTree = "<group>"; };
		B8B86A651A193E28002B85F0 /* GWInfoBoxGridCharacterView.m */ = {isa = PBXFileReference; fileEncoding = 4; lastKnownFileType = sourcecode.c.objc; path = GWInfoBoxGridCharacterView.m; sourceTree = "<group>"; };
/* End PBXFileReference section */

/* Begin PBXFrameworksBuildPhase section */
		B8B869B21A0FF59A002B85F0 /* Frameworks */ = {
			isa = PBXFrameworksBuildPhase;
			buildActionMask = 2147483647;
			files = (
				B8B869BB1A0FF59A002B85F0 /* CoreGraphics.framework in Frameworks */,
				B8B869BD1A0FF59A002B85F0 /* UIKit.framework in Frameworks */,
				B8B869B91A0FF59A002B85F0 /* Foundation.framework in Frameworks */,
			);
			runOnlyForDeploymentPostprocessing = 0;
		};
		B8B869D31A0FF59B002B85F0 /* Frameworks */ = {
			isa = PBXFrameworksBuildPhase;
			buildActionMask = 2147483647;
			files = (
				B8B869D81A0FF59B002B85F0 /* XCTest.framework in Frameworks */,
				B8B869DA1A0FF59B002B85F0 /* UIKit.framework in Frameworks */,
				B8B869D91A0FF59B002B85F0 /* Foundation.framework in Frameworks */,
			);
			runOnlyForDeploymentPostprocessing = 0;
		};
/* End PBXFrameworksBuildPhase section */

/* Begin PBXGroup section */
		B8B869AC1A0FF59A002B85F0 = {
			isa = PBXGroup;
			children = (
				B8B869BE1A0FF59A002B85F0 /* gridwars */,
				B8B869DD1A0FF59B002B85F0 /* gridwarsTests */,
				B8B869B71A0FF59A002B85F0 /* Frameworks */,
				B8B869B61A0FF59A002B85F0 /* Products */,
			);
			sourceTree = "<group>";
		};
		B8B869B61A0FF59A002B85F0 /* Products */ = {
			isa = PBXGroup;
			children = (
				B8B869B51A0FF59A002B85F0 /* gridwars.app */,
				B8B869D61A0FF59B002B85F0 /* gridwarsTests.xctest */,
			);
			name = Products;
			sourceTree = "<group>";
		};
		B8B869B71A0FF59A002B85F0 /* Frameworks */ = {
			isa = PBXGroup;
			children = (
				B8B869B81A0FF59A002B85F0 /* Foundation.framework */,
				B8B869BA1A0FF59A002B85F0 /* CoreGraphics.framework */,
				B8B869BC1A0FF59A002B85F0 /* UIKit.framework */,
				B8B869D71A0FF59B002B85F0 /* XCTest.framework */,
			);
			name = Frameworks;
			sourceTree = "<group>";
		};
		B8B869BE1A0FF59A002B85F0 /* gridwars */ = {
			isa = PBXGroup;
			children = (
				B8B86A191A143F90002B85F0 /* Helper */,
				B8B86A211A144785002B85F0 /* Model */,
				B8B86A201A14476C002B85F0 /* Game */,
				B8B869C71A0FF59A002B85F0 /* AppDelegate.h */,
				B8B869C81A0FF59A002B85F0 /* AppDelegate.m */,
				B8B869CA1A0FF59A002B85F0 /* Main.storyboard */,
				B8B869CD1A0FF59A002B85F0 /* ViewController.h */,
				B8B869CE1A0FF59A002B85F0 /* ViewController.m */,
				B8B869D01A0FF59A002B85F0 /* Images.xcassets */,
				B8B869BF1A0FF59A002B85F0 /* Supporting Files */,
			);
			path = gridwars;
			sourceTree = "<group>";
		};
		B8B869BF1A0FF59A002B85F0 /* Supporting Files */ = {
			isa = PBXGroup;
			children = (
				B8B869C01A0FF59A002B85F0 /* gridwars-Info.plist */,
				B8B869C11A0FF59A002B85F0 /* InfoPlist.strings */,
				B8B869C41A0FF59A002B85F0 /* main.m */,
				B8B869C61A0FF59A002B85F0 /* gridwars-Prefix.pch */,
			);
			name = "Supporting Files";
			sourceTree = "<group>";
		};
		B8B869DD1A0FF59B002B85F0 /* gridwarsTests */ = {
			isa = PBXGroup;
			children = (
				B8B869E31A0FF59B002B85F0 /* gridwarsTests.m */,
				B8B869DE1A0FF59B002B85F0 /* Supporting Files */,
			);
			path = gridwarsTests;
			sourceTree = "<group>";
		};
		B8B869DE1A0FF59B002B85F0 /* Supporting Files */ = {
			isa = PBXGroup;
			children = (
				B8B869DF1A0FF59B002B85F0 /* gridwarsTests-Info.plist */,
				B8B869E01A0FF59B002B85F0 /* InfoPlist.strings */,
			);
			name = "Supporting Files";
			sourceTree = "<group>";
		};
		B8B86A151A143D9A002B85F0 /* Grid */ = {
			isa = PBXGroup;
			children = (
				B8B869ED1A0FF60B002B85F0 /* GWGridView.h */,
				B8B869EE1A0FF60B002B85F0 /* GWGridView.m */,
				B8B86A0F1A131EE8002B85F0 /* GWGridViewController.h */,
				B8B86A101A131EE8002B85F0 /* GWGridViewController.m */,
				B8B869F01A0FF8AD002B85F0 /* GWGrid.h */,
				B8B869F11A0FF8AD002B85F0 /* GWGrid.m */,
				B8B86A611A193AF5002B85F0 /* GWGridResponse.h */,
				B8B86A621A193AF5002B85F0 /* GWGridResponse.m */,
				B8B86A121A143A89002B85F0 /* GWGridCoordinate.h */,
				B8B86A131A143A89002B85F0 /* GWGridCoordinate.m */,
				B8B869F31A0FFA17002B85F0 /* GWGridTile.h */,
				B8B869F41A0FFA17002B85F0 /* GWGridTile.m */,
				B8B86A3F1A147FF7002B85F0 /* GWGridTileView.h */,
				B8B86A401A147FF7002B85F0 /* GWGridTileView.m */,
				B8B86A091A130E76002B85F0 /* GWGridPiece.h */,
				B8B86A0A1A130E76002B85F0 /* GWGridPiece.m */,
				B8B86A4E1A148A7F002B85F0 /* GWGridPieceView.h */,
				B8B86A4F1A148A7F002B85F0 /* GWGridPieceView.m */,
				B8B86A4B1A1484FA002B85F0 /* GWGridPieceCharacterView.h */,
				B8B86A4C1A1484FA002B85F0 /* GWGridPieceCharacterView.m */,
				B8B86A0B1A130E76002B85F0 /* GWGridPieceCharacter.h */,
				B8B86A0C1A130E76002B85F0 /* GWGridPieceCharacter.m */,
			);
			name = Grid;
			sourceTree = "<group>";
		};
		B8B86A191A143F90002B85F0 /* Helper */ = {
			isa = PBXGroup;
			children = (
				B8B86A051A100E0D002B85F0 /* UIButton+Block.h */,
				B8B86A031A100E0D002B85F0 /* UIButton+Block.m */,
				B8B86A061A100E0D002B85F0 /* UIScreen+Rotation.h */,
				B8B86A041A100E0D002B85F0 /* UIScreen+Rotation.m */,
				B8B86A391A1464EA002B85F0 /* UIView+Shapes.h */,
				B8B86A3A1A1464EA002B85F0 /* UIView+Shapes.m */,
			);
			name = Helper;
			sourceTree = "<group>";
		};
		B8B86A201A14476C002B85F0 /* Game */ = {
			isa = PBXGroup;
			children = (
				B8B86A1D1A144759002B85F0 /* GWGameViewController.h */,
				B8B86A1E1A144759002B85F0 /* GWGameViewController.m */,
				B8B86A5D1A158B27002B85F0 /* Deck */,
				B8B86A221A145081002B85F0 /* InfoBox */,
				B8B86A151A143D9A002B85F0 /* Grid */,
			);
			name = Game;
			sourceTree = "<group>";
		};
		B8B86A211A144785002B85F0 /* Model */ = {
			isa = PBXGroup;
			children = (
				B8B86A161A143E42002B85F0 /* GWCharacter.h */,
				B8B86A171A143E42002B85F0 /* GWCharacter.m */,
			);
			name = Model;
			sourceTree = "<group>";
		};
		B8B86A221A145081002B85F0 /* InfoBox */ = {
			isa = PBXGroup;
			children = (
				B8B86A5E1A17020F002B85F0 /* GWAreaView.h */,
				B8B86A5F1A17020F002B85F0 /* GWAreaView.m */,
				B8B86A291A145277002B85F0 /* GWInfoBoxView.h */,
				B8B86A2A1A145277002B85F0 /* GWInfoBoxView.m */,
				B8B86A641A193E28002B85F0 /* GWInfoBoxGridCharacterView.h */,
				B8B86A651A193E28002B85F0 /* GWInfoBoxGridCharacterView.m */,
				B8B86A261A145140002B85F0 /* GWInfoBoxDeckCharacterView.h */,
				B8B86A271A145140002B85F0 /* GWInfoBoxDeckCharacterView.m */,
				B8B86A231A1450A5002B85F0 /* GWInfoBoxViewController.h */,
				B8B86A241A1450A5002B85F0 /* GWInfoBoxViewController.m */,
			);
			name = InfoBox;
			sourceTree = "<group>";
		};
		B8B86A5D1A158B27002B85F0 /* Deck */ = {
			isa = PBXGroup;
			children = (
				B8B86A511A158AE5002B85F0 /* GWDeckCell.h */,
				B8B86A521A158AE5002B85F0 /* GWDeckCell.m */,
				B8B86A531A158AE5002B85F0 /* GWDeckCellView.h */,
				B8B86A541A158AE5002B85F0 /* GWDeckCellView.m */,
				B8B86A551A158AE5002B85F0 /* GWDeckViewController.h */,
				B8B86A561A158AE5002B85F0 /* GWDeckViewController.m */,
				B8B86A571A158AE5002B85F0 /* GWDragableView.h */,
				B8B86A581A158AE5002B85F0 /* GWDragableView.m */,
			);
			name = Deck;
			sourceTree = "<group>";
		};
/* End PBXGroup section */

/* Begin PBXNativeTarget section */
		B8B869B41A0FF59A002B85F0 /* gridwars */ = {
			isa = PBXNativeTarget;
			buildConfigurationList = B8B869E71A0FF59B002B85F0 /* Build configuration list for PBXNativeTarget "gridwars" */;
			buildPhases = (
				B8B869B11A0FF59A002B85F0 /* Sources */,
				B8B869B21A0FF59A002B85F0 /* Frameworks */,
				B8B869B31A0FF59A002B85F0 /* Resources */,
			);
			buildRules = (
			);
			dependencies = (
			);
			name = gridwars;
			productName = gridwars;
			productReference = B8B869B51A0FF59A002B85F0 /* gridwars.app */;
			productType = "com.apple.product-type.application";
		};
		B8B869D51A0FF59B002B85F0 /* gridwarsTests */ = {
			isa = PBXNativeTarget;
			buildConfigurationList = B8B869EA1A0FF59B002B85F0 /* Build configuration list for PBXNativeTarget "gridwarsTests" */;
			buildPhases = (
				B8B869D21A0FF59B002B85F0 /* Sources */,
				B8B869D31A0FF59B002B85F0 /* Frameworks */,
				B8B869D41A0FF59B002B85F0 /* Resources */,
			);
			buildRules = (
			);
			dependencies = (
				B8B869DC1A0FF59B002B85F0 /* PBXTargetDependency */,
			);
			name = gridwarsTests;
			productName = gridwarsTests;
			productReference = B8B869D61A0FF59B002B85F0 /* gridwarsTests.xctest */;
			productType = "com.apple.product-type.bundle.unit-test";
		};
/* End PBXNativeTarget section */

/* Begin PBXProject section */
		B8B869AD1A0FF59A002B85F0 /* Project object */ = {
			isa = PBXProject;
			attributes = {
				LastUpgradeCheck = 0510;
				ORGANIZATIONNAME = arjgames;
				TargetAttributes = {
					B8B869D51A0FF59B002B85F0 = {
						TestTargetID = B8B869B41A0FF59A002B85F0;
					};
				};
			};
			buildConfigurationList = B8B869B01A0FF59A002B85F0 /* Build configuration list for PBXProject "gridwars" */;
			compatibilityVersion = "Xcode 3.2";
			developmentRegion = English;
			hasScannedForEncodings = 0;
			knownRegions = (
				en,
				Base,
			);
			mainGroup = B8B869AC1A0FF59A002B85F0;
			productRefGroup = B8B869B61A0FF59A002B85F0 /* Products */;
			projectDirPath = "";
			projectRoot = "";
			targets = (
				B8B869B41A0FF59A002B85F0 /* gridwars */,
				B8B869D51A0FF59B002B85F0 /* gridwarsTests */,
			);
		};
/* End PBXProject section */

/* Begin PBXResourcesBuildPhase section */
		B8B869B31A0FF59A002B85F0 /* Resources */ = {
			isa = PBXResourcesBuildPhase;
			buildActionMask = 2147483647;
			files = (
				B8B869D11A0FF59A002B85F0 /* Images.xcassets in Resources */,
				B8B869C31A0FF59A002B85F0 /* InfoPlist.strings in Resources */,
				B8B869CC1A0FF59A002B85F0 /* Main.storyboard in Resources */,
			);
			runOnlyForDeploymentPostprocessing = 0;
		};
		B8B869D41A0FF59B002B85F0 /* Resources */ = {
			isa = PBXResourcesBuildPhase;
			buildActionMask = 2147483647;
			files = (
				B8B869E21A0FF59B002B85F0 /* InfoPlist.strings in Resources */,
			);
			runOnlyForDeploymentPostprocessing = 0;
		};
/* End PBXResourcesBuildPhase section */

/* Begin PBXSourcesBuildPhase section */
		B8B869B11A0FF59A002B85F0 /* Sources */ = {
			isa = PBXSourcesBuildPhase;
			buildActionMask = 2147483647;
			files = (
				B8B869CF1A0FF59A002B85F0 /* ViewController.m in Sources */,
				B8B86A2B1A145277002B85F0 /* GWInfoBoxView.m in Sources */,
				B8B86A5C1A158AE5002B85F0 /* GWDragableView.m in Sources */,
				B8B869F21A0FF8AD002B85F0 /* GWGrid.m in Sources */,
				B8B86A661A193E28002B85F0 /* GWInfoBoxGridCharacterView.m in Sources */,
				B8B86A4D1A1484FA002B85F0 /* GWGridPieceCharacterView.m in Sources */,
				B8B86A071A100E0D002B85F0 /* UIButton+Block.m in Sources */,
				B8B86A5B1A158AE5002B85F0 /* GWDeckViewController.m in Sources */,
				B8B86A1F1A144759002B85F0 /* GWGameViewController.m in Sources */,
				B8B86A411A147FF7002B85F0 /* GWGridTileView.m in Sources */,
				B8B86A141A143A89002B85F0 /* GWGridCoordinate.m in Sources */,
				B8B86A501A148A7F002B85F0 /* GWGridPieceView.m in Sources */,
				B8B86A5A1A158AE5002B85F0 /* GWDeckCellView.m in Sources */,
				B8B869C91A0FF59A002B85F0 /* AppDelegate.m in Sources */,
				B8B86A601A17020F002B85F0 /* GWAreaView.m in Sources */,
				B8B869F51A0FFA17002B85F0 /* GWGridTile.m in Sources */,
				B8B869EF1A0FF60B002B85F0 /* GWGridView.m in Sources */,
				B8B86A591A158AE5002B85F0 /* GWDeckCell.m in Sources */,
				B8B86A281A145140002B85F0 /* GWInfoBoxDeckCharacterView.m in Sources */,
				B8B86A111A131EE8002B85F0 /* GWGridViewController.m in Sources */,
				B8B869C51A0FF59A002B85F0 /* main.m in Sources */,
				B8B86A081A100E0D002B85F0 /* UIScreen+Rotation.m in Sources */,
				B8B86A0E1A130E76002B85F0 /* GWGridPieceCharacter.m in Sources */,
				B8B86A0D1A130E76002B85F0 /* GWGridPiece.m in Sources */,
				B8B86A181A143E42002B85F0 /* GWCharacter.m in Sources */,
				B8B86A251A1450A5002B85F0 /* GWInfoBoxViewController.m in Sources */,
				B8B86A3B1A1464EA002B85F0 /* UIView+Shapes.m in Sources */,
				B8B86A631A193AF5002B85F0 /* GWGridResponse.m in Sources */,
			);
			runOnlyForDeploymentPostprocessing = 0;
		};
		B8B869D21A0FF59B002B85F0 /* Sources */ = {
			isa = PBXSourcesBuildPhase;
			buildActionMask = 2147483647;
			files = (
				B8B869E41A0FF59B002B85F0 /* gridwarsTests.m in Sources */,
			);
			runOnlyForDeploymentPostprocessing = 0;
		};
/* End PBXSourcesBuildPhase section */

/* Begin PBXTargetDependency section */
		B8B869DC1A0FF59B002B85F0 /* PBXTargetDependency */ = {
			isa = PBXTargetDependency;
			target = B8B869B41A0FF59A002B85F0 /* gridwars */;
			targetProxy = B8B869DB1A0FF59B002B85F0 /* PBXContainerItemProxy */;
		};
/* End PBXTargetDependency section */

/* Begin PBXVariantGroup section */
		B8B869C11A0FF59A002B85F0 /* InfoPlist.strings */ = {
			isa = PBXVariantGroup;
			children = (
				B8B869C21A0FF59A002B85F0 /* en */,
			);
			name = InfoPlist.strings;
			sourceTree = "<group>";
		};
		B8B869CA1A0FF59A002B85F0 /* Main.storyboard */ = {
			isa = PBXVariantGroup;
			children = (
				B8B869CB1A0FF59A002B85F0 /* Base */,
			);
			name = Main.storyboard;
			sourceTree = "<group>";
		};
		B8B869E01A0FF59B002B85F0 /* InfoPlist.strings */ = {
			isa = PBXVariantGroup;
			children = (
				B8B869E11A0FF59B002B85F0 /* en */,
			);
			name = InfoPlist.strings;
			sourceTree = "<group>";
		};
/* End PBXVariantGroup section */

/* Begin XCBuildConfiguration section */
		B8B869E51A0FF59B002B85F0 /* Debug */ = {
			isa = XCBuildConfiguration;
			buildSettings = {
				ALWAYS_SEARCH_USER_PATHS = NO;
				CLANG_CXX_LANGUAGE_STANDARD = "gnu++0x";
				CLANG_CXX_LIBRARY = "libc++";
				CLANG_ENABLE_MODULES = YES;
				CLANG_ENABLE_OBJC_ARC = YES;
				CLANG_WARN_BOOL_CONVERSION = YES;
				CLANG_WARN_CONSTANT_CONVERSION = YES;
				CLANG_WARN_DIRECT_OBJC_ISA_USAGE = YES_ERROR;
				CLANG_WARN_EMPTY_BODY = YES;
				CLANG_WARN_ENUM_CONVERSION = YES;
				CLANG_WARN_INT_CONVERSION = YES;
				CLANG_WARN_OBJC_ROOT_CLASS = YES_ERROR;
				CLANG_WARN__DUPLICATE_METHOD_MATCH = YES;
				"CODE_SIGN_IDENTITY[sdk=iphoneos*]" = "iPhone Developer";
				COPY_PHASE_STRIP = NO;
				GCC_C_LANGUAGE_STANDARD = gnu99;
				GCC_DYNAMIC_NO_PIC = NO;
				GCC_OPTIMIZATION_LEVEL = 0;
				GCC_PREPROCESSOR_DEFINITIONS = (
					"DEBUG=1",
					"$(inherited)",
				);
				GCC_SYMBOLS_PRIVATE_EXTERN = NO;
				GCC_WARN_64_TO_32_BIT_CONVERSION = YES;
				GCC_WARN_ABOUT_RETURN_TYPE = YES_ERROR;
				GCC_WARN_UNDECLARED_SELECTOR = YES;
				GCC_WARN_UNINITIALIZED_AUTOS = YES_AGGRESSIVE;
				GCC_WARN_UNUSED_FUNCTION = YES;
				GCC_WARN_UNUSED_VARIABLE = YES;
				IPHONEOS_DEPLOYMENT_TARGET = 7.1;
				ONLY_ACTIVE_ARCH = YES;
				SDKROOT = iphoneos;
			};
			name = Debug;
		};
		B8B869E61A0FF59B002B85F0 /* Release */ = {
			isa = XCBuildConfiguration;
			buildSettings = {
				ALWAYS_SEARCH_USER_PATHS = NO;
				CLANG_CXX_LANGUAGE_STANDARD = "gnu++0x";
				CLANG_CXX_LIBRARY = "libc++";
				CLANG_ENABLE_MODULES = YES;
				CLANG_ENABLE_OBJC_ARC = YES;
				CLANG_WARN_BOOL_CONVERSION = YES;
				CLANG_WARN_CONSTANT_CONVERSION = YES;
				CLANG_WARN_DIRECT_OBJC_ISA_USAGE = YES_ERROR;
				CLANG_WARN_EMPTY_BODY = YES;
				CLANG_WARN_ENUM_CONVERSION = YES;
				CLANG_WARN_INT_CONVERSION = YES;
				CLANG_WARN_OBJC_ROOT_CLASS = YES_ERROR;
				CLANG_WARN__DUPLICATE_METHOD_MATCH = YES;
				"CODE_SIGN_IDENTITY[sdk=iphoneos*]" = "iPhone Developer";
				COPY_PHASE_STRIP = YES;
				ENABLE_NS_ASSERTIONS = NO;
				GCC_C_LANGUAGE_STANDARD = gnu99;
				GCC_WARN_64_TO_32_BIT_CONVERSION = YES;
				GCC_WARN_ABOUT_RETURN_TYPE = YES_ERROR;
				GCC_WARN_UNDECLARED_SELECTOR = YES;
				GCC_WARN_UNINITIALIZED_AUTOS = YES_AGGRESSIVE;
				GCC_WARN_UNUSED_FUNCTION = YES;
				GCC_WARN_UNUSED_VARIABLE = YES;
				IPHONEOS_DEPLOYMENT_TARGET = 7.1;
				SDKROOT = iphoneos;
				VALIDATE_PRODUCT = YES;
			};
			name = Release;
		};
		B8B869E81A0FF59B002B85F0 /* Debug */ = {
			isa = XCBuildConfiguration;
			buildSettings = {
				ASSETCATALOG_COMPILER_APPICON_NAME = AppIcon;
				ASSETCATALOG_COMPILER_LAUNCHIMAGE_NAME = LaunchImage;
				GCC_PRECOMPILE_PREFIX_HEADER = YES;
				GCC_PREFIX_HEADER = "gridwars/gridwars-Prefix.pch";
				INFOPLIST_FILE = "gridwars/gridwars-Info.plist";
				PRODUCT_NAME = "$(TARGET_NAME)";
				WRAPPER_EXTENSION = app;
			};
			name = Debug;
		};
		B8B869E91A0FF59B002B85F0 /* Release */ = {
			isa = XCBuildConfiguration;
			buildSettings = {
				ASSETCATALOG_COMPILER_APPICON_NAME = AppIcon;
				ASSETCATALOG_COMPILER_LAUNCHIMAGE_NAME = LaunchImage;
				GCC_PRECOMPILE_PREFIX_HEADER = YES;
				GCC_PREFIX_HEADER = "gridwars/gridwars-Prefix.pch";
				INFOPLIST_FILE = "gridwars/gridwars-Info.plist";
				PRODUCT_NAME = "$(TARGET_NAME)";
				WRAPPER_EXTENSION = app;
			};
			name = Release;
		};
		B8B869EB1A0FF59B002B85F0 /* Debug */ = {
			isa = XCBuildConfiguration;
			buildSettings = {
				BUNDLE_LOADER = "$(BUILT_PRODUCTS_DIR)/gridwars.app/gridwars";
				FRAMEWORK_SEARCH_PATHS = (
					"$(SDKROOT)/Developer/Library/Frameworks",
					"$(inherited)",
					"$(DEVELOPER_FRAMEWORKS_DIR)",
				);
				GCC_PRECOMPILE_PREFIX_HEADER = YES;
				GCC_PREFIX_HEADER = "gridwars/gridwars-Prefix.pch";
				GCC_PREPROCESSOR_DEFINITIONS = (
					"DEBUG=1",
					"$(inherited)",
				);
				INFOPLIST_FILE = "gridwarsTests/gridwarsTests-Info.plist";
				PRODUCT_NAME = "$(TARGET_NAME)";
				TEST_HOST = "$(BUNDLE_LOADER)";
				WRAPPER_EXTENSION = xctest;
			};
			name = Debug;
		};
		B8B869EC1A0FF59B002B85F0 /* Release */ = {
			isa = XCBuildConfiguration;
			buildSettings = {
				BUNDLE_LOADER = "$(BUILT_PRODUCTS_DIR)/gridwars.app/gridwars";
				FRAMEWORK_SEARCH_PATHS = (
					"$(SDKROOT)/Developer/Library/Frameworks",
					"$(inherited)",
					"$(DEVELOPER_FRAMEWORKS_DIR)",
				);
				GCC_PRECOMPILE_PREFIX_HEADER = YES;
				GCC_PREFIX_HEADER = "gridwars/gridwars-Prefix.pch";
				INFOPLIST_FILE = "gridwarsTests/gridwarsTests-Info.plist";
				PRODUCT_NAME = "$(TARGET_NAME)";
				TEST_HOST = "$(BUNDLE_LOADER)";
				WRAPPER_EXTENSION = xctest;
			};
			name = Release;
		};
/* End XCBuildConfiguration section */

/* Begin XCConfigurationList section */
		B8B869B01A0FF59A002B85F0 /* Build configuration list for PBXProject "gridwars" */ = {
			isa = XCConfigurationList;
			buildConfigurations = (
				B8B869E51A0FF59B002B85F0 /* Debug */,
				B8B869E61A0FF59B002B85F0 /* Release */,
			);
			defaultConfigurationIsVisible = 0;
			defaultConfigurationName = Release;
		};
		B8B869E71A0FF59B002B85F0 /* Build configuration list for PBXNativeTarget "gridwars" */ = {
			isa = XCConfigurationList;
			buildConfigurations = (
				B8B869E81A0FF59B002B85F0 /* Debug */,
				B8B869E91A0FF59B002B85F0 /* Release */,
			);
			defaultConfigurationIsVisible = 0;
		};
		B8B869EA1A0FF59B002B85F0 /* Build configuration list for PBXNativeTarget "gridwarsTests" */ = {
			isa = XCConfigurationList;
			buildConfigurations = (
				B8B869EB1A0FF59B002B85F0 /* Debug */,
				B8B869EC1A0FF59B002B85F0 /* Release */,
			);
			defaultConfigurationIsVisible = 0;
		};
/* End XCConfigurationList section */
	};
	rootObject = B8B869AD1A0FF59A002B85F0 /* Project object */;
}
